
Microsoft Visual Studio Solution File, Format Version 12.00
# Visual Studio Version 17
VisualStudioVersion = 17.7.34031.279
MinimumVisualStudioVersion = 10.0.40219.1
Project("{FAE04EC0-301F-11D3-BF4B-00C04F79EFBC}") = "ilia-api", "ilia-api.csproj", "{300D130F-EE32-428B-9396-C061941F3B52}"
EndProject
Global
	GlobalSection(SolutionConfigurationPlatforms) = preSolution
		Debug|Any CPU = Debug|Any CPU
		Release|Any CPU = Release|Any CPU
	EndGlobalSection
	GlobalSection(ProjectConfigurationPlatforms) = postSolution
		{300D130F-EE32-428B-9396-C061941F3B52}.Debug|Any CPU.ActiveCfg = Debug|Any CPU
		{300D130F-EE32-428B-9396-C061941F3B52}.Debug|Any CPU.Build.0 = Debug|Any CPU
		{300D130F-EE32-428B-9396-C061941F3B52}.Release|Any CPU.ActiveCfg = Release|Any CPU
		{300D130F-EE32-428B-9396-C061941F3B52}.Release|Any CPU.Build.0 = Release|Any CPU
	EndGlobalSection
	GlobalSection(SolutionProperties) = preSolution
		HideSolutionNode = FALSE
	EndGlobalSection
	GlobalSection(ExtensibilityGlobals) = postSolution
		SolutionGuid = {0DF939EB-FD98-46F1-9FC4-D1082728CF49}
	EndGlobalSection
EndGlobal
